// !$*UTF8*$!
{
	archiveVersion = 1;
	classes = {
	};
	objectVersion = 50;
	objects = {

/* Begin PBXBuildFile section */
		859FF4192123798100A4A012 /* AppDelegate.swift in Sources */ = {isa = PBXBuildFile; fileRef = 859FF4182123798100A4A012 /* AppDelegate.swift */; };
		859FF41B2123798100A4A012 /* ViewController.swift in Sources */ = {isa = PBXBuildFile; fileRef = 859FF41A2123798100A4A012 /* ViewController.swift */; };
		859FF41E2123798100A4A012 /* Main.storyboard in Resources */ = {isa = PBXBuildFile; fileRef = 859FF41C2123798100A4A012 /* Main.storyboard */; };
		859FF4212123798100A4A012 /* Kin_Price_Tracker.xcdatamodeld in Sources */ = {isa = PBXBuildFile; fileRef = 859FF41F2123798100A4A012 /* Kin_Price_Tracker.xcdatamodeld */; };
		859FF4232123798500A4A012 /* Assets.xcassets in Resources */ = {isa = PBXBuildFile; fileRef = 859FF4222123798500A4A012 /* Assets.xcassets */; };
		859FF4262123798500A4A012 /* LaunchScreen.storyboard in Resources */ = {isa = PBXBuildFile; fileRef = 859FF4242123798500A4A012 /* LaunchScreen.storyboard */; };
/* End PBXBuildFile section */

/* Begin PBXFileReference section */
		859FF4152123798100A4A012 /* Kin Price Tracker.app */ = {isa = PBXFileReference; explicitFileType = wrapper.application; includeInIndex = 0; path = "Kin Price Tracker.app"; sourceTree = BUILT_PRODUCTS_DIR; };
		859FF4182123798100A4A012 /* AppDelegate.swift */ = {isa = PBXFileReference; lastKnownFileType = sourcecode.swift; path = AppDelegate.swift; sourceTree = "<group>"; };
		859FF41A2123798100A4A012 /* ViewController.swift */ = {isa = PBXFileReference; lastKnownFileType = sourcecode.swift; path = ViewController.swift; sourceTree = "<group>"; };
		859FF41D2123798100A4A012 /* Base */ = {isa = PBXFileReference; lastKnownFileType = file.storyboard; name = Base; path = Base.lproj/Main.storyboard; sourceTree = "<group>"; };
		859FF4202123798100A4A012 /* Kin_Price_Tracker.xcdatamodel */ = {isa = PBXFileReference; lastKnownFileType = wrapper.xcdatamodel; path = Kin_Price_Tracker.xcdatamodel; sourceTree = "<group>"; };
		859FF4222123798500A4A012 /* Assets.xcassets */ = {isa = PBXFileReference; lastKnownFileType = folder.assetcatalog; path = Assets.xcassets; sourceTree = "<group>"; };
		859FF4252123798500A4A012 /* Base */ = {isa = PBXFileReference; lastKnownFileType = file.storyboard; name = Base; path = Base.lproj/LaunchScreen.storyboard; sourceTree = "<group>"; };
		859FF4272123798500A4A012 /* Info.plist */ = {isa = PBXFileReference; lastKnownFileType = text.plist.xml; path = Info.plist; sourceTree = "<group>"; };
/* End PBXFileReference section */

/* Begin PBXFrameworksBuildPhase section */
		859FF4122123798100A4A012 /* Frameworks */ = {
			isa = PBXFrameworksBuildPhase;
			buildActionMask = 2147483647;
			files = (
			);
			runOnlyForDeploymentPostprocessing = 0;
		};
/* End PBXFrameworksBuildPhase section */

/* Begin PBXGroup section */
		859FF40C2123798000A4A012 = {
			isa = PBXGroup;
			children = (
				859FF4172123798100A4A012 /* Kin Price Tracker */,
				859FF4162123798100A4A012 /* Products */,
			);
			sourceTree = "<group>";
		};
		859FF4162123798100A4A012 /* Products */ = {
			isa = PBXGroup;
			children = (
				859FF4152123798100A4A012 /* Kin Price Tracker.app */,
			);
			name = Products;
			sourceTree = "<group>";
		};
		859FF4172123798100A4A012 /* Kin Price Tracker */ = {
			isa = PBXGroup;
			children = (
				859FF4182123798100A4A012 /* AppDelegate.swift */,
				859FF41A2123798100A4A012 /* ViewController.swift */,
				859FF41C2123798100A4A012 /* Main.storyboard */,
				859FF4222123798500A4A012 /* Assets.xcassets */,
				859FF4242123798500A4A012 /* LaunchScreen.storyboard */,
				859FF4272123798500A4A012 /* Info.plist */,
				859FF41F2123798100A4A012 /* Kin_Price_Tracker.xcdatamodeld */,
			);
			path = "Kin Price Tracker";
			sourceTree = "<group>";
		};
/* End PBXGroup section */

/* Begin PBXNativeTarget section */
		859FF4142123798100A4A012 /* Kin Price Tracker */ = {
			isa = PBXNativeTarget;
			buildConfigurationList = 859FF42A2123798500A4A012 /* Build configuration list for PBXNativeTarget "Kin Price Tracker" */;
			buildPhases = (
				859FF4112123798100A4A012 /* Sources */,
				859FF4122123798100A4A012 /* Frameworks */,
				859FF4132123798100A4A012 /* Resources */,
			);
			buildRules = (
			);
			dependencies = (
			);
			name = "Kin Price Tracker";
			productName = "Kin Price Tracker";
			productReference = 859FF4152123798100A4A012 /* Kin Price Tracker.app */;
			productType = "com.apple.product-type.application";
		};
/* End PBXNativeTarget section */

/* Begin PBXProject section */
		859FF40D2123798000A4A012 /* Project object */ = {
			isa = PBXProject;
			attributes = {
				LastSwiftUpdateCheck = 1000;
				LastUpgradeCheck = 1000;
				ORGANIZATIONNAME = "James Forsythe";
				TargetAttributes = {
					859FF4142123798100A4A012 = {
						CreatedOnToolsVersion = 10.0;
					};
				};
			};
			buildConfigurationList = 859FF4102123798000A4A012 /* Build configuration list for PBXProject "Kin Price Tracker" */;
			compatibilityVersion = "Xcode 9.3";
			developmentRegion = en;
			hasScannedForEncodings = 0;
			knownRegions = (
				en,
				Base,
			);
			mainGroup = 859FF40C2123798000A4A012;
			productRefGroup = 859FF4162123798100A4A012 /* Products */;
			projectDirPath = "";
			projectRoot = "";
			targets = (
				859FF4142123798100A4A012 /* Kin Price Tracker */,
			);
		};
/* End PBXProject section */

/* Begin PBXResourcesBuildPhase section */
		859FF4132123798100A4A012 /* Resources */ = {
			isa = PBXResourcesBuildPhase;
			buildActionMask = 2147483647;
			files = (
				859FF4262123798500A4A012 /* LaunchScreen.storyboard in Resources */,
				859FF4232123798500A4A012 /* Assets.xcassets in Resources */,
				859FF41E2123798100A4A012 /* Main.storyboard in Resources */,
			);
			runOnlyForDeploymentPostprocessing = 0;
		};
/* End PBXResourcesBuildPhase section */

/* Begin PBXSourcesBuildPhase section */
		859FF4112123798100A4A012 /* Sources */ = {
			isa = PBXSourcesBuildPhase;
			buildActionMask = 2147483647;
			files = (
				859FF4212123798100A4A012 /* Kin_Price_Tracker.xcdatamodeld in Sources */,
				859FF41B2123798100A4A012 /* ViewController.swift in Sources */,
				859FF4192123798100A4A012 /* AppDelegate.swift in Sources */,
			);
			runOnlyForDeploymentPostprocessing = 0;
		};
/* End PBXSourcesBuildPhase section */

/* Begin PBXVariantGroup section */
		859FF41C2123798100A4A012 /* Main.storyboard */ = {
			isa = PBXVariantGroup;
			children = (
				859FF41D2123798100A4A012 /* Base */,
			);
			name = Main.storyboard;
			sourceTree = "<group>";
		};
		859FF4242123798500A4A012 /* LaunchScreen.storyboard */ = {
			isa = PBXVariantGroup;
			children = (
				859FF4252123798500A4A012 /* Base */,
			);
			name = LaunchScreen.storyboard;
			sourceTree = "<group>";
		};
/* End PBXVariantGroup section */

/* Begin XCBuildConfiguration section */
		859FF4282123798500A4A012 /* Debug */ = {
			isa = XCBuildConfiguration;
			buildSettings = {
				ALWAYS_SEARCH_USER_PATHS = NO;
				CLANG_ANALYZER_NONNULL = YES;
				CLANG_ANALYZER_NUMBER_OBJECT_CONVERSION = YES_AGGRESSIVE;
				CLANG_CXX_LANGUAGE_STANDARD = "gnu++14";
				CLANG_CXX_LIBRARY = "libc++";
				CLANG_ENABLE_MODULES = YES;
				CLANG_ENABLE_OBJC_ARC = YES;
				CLANG_ENABLE_OBJC_WEAK = YES;
				CLANG_WARN_BLOCK_CAPTURE_AUTORELEASING = YES;
				CLANG_WARN_BOOL_CONVERSION = YES;
				CLANG_WARN_COMMA = YES;
				CLANG_WARN_CONSTANT_CONVERSION = YES;
				CLANG_WARN_DEPRECATED_OBJC_IMPLEMENTATIONS = YES;
				CLANG_WARN_DIRECT_OBJC_ISA_USAGE = YES_ERROR;
				CLANG_WARN_DOCUMENTATION_COMMENTS = YES;
				CLANG_WARN_EMPTY_BODY = YES;
				CLANG_WARN_ENUM_CONVERSION = YES;
				CLANG_WARN_INFINITE_RECURSION = YES;
				CLANG_WARN_INT_CONVERSION = YES;
				CLANG_WARN_NON_LITERAL_NULL_CONVERSION = YES;
				CLANG_WARN_OBJC_IMPLICIT_RETAIN_SELF = YES;
				CLANG_WARN_OBJC_LITERAL_CONVERSION = YES;
				CLANG_WARN_OBJC_ROOT_CLASS = YES_ERROR;
				CLANG_WARN_RANGE_LOOP_ANALYSIS = YES;
				CLANG_WARN_STRICT_PROTOTYPES = YES;
				CLANG_WARN_SUSPICIOUS_MOVE = YES;
				CLANG_WARN_UNGUARDED_AVAILABILITY = YES_AGGRESSIVE;
				CLANG_WARN_UNREACHABLE_CODE = YES;
				CLANG_WARN__DUPLICATE_METHOD_MATCH = YES;
				CODE_SIGN_IDENTITY = "iPhone Developer";
				COPY_PHASE_STRIP = NO;
				DEBUG_INFORMATION_FORMAT = dwarf;
				ENABLE_STRICT_OBJC_MSGSEND = YES;
				ENABLE_TESTABILITY = YES;
				GCC_C_LANGUAGE_STANDARD = gnu11;
				GCC_DYNAMIC_NO_PIC = NO;
				GCC_NO_COMMON_BLOCKS = YES;
				GCC_OPTIMIZATION_LEVEL = 0;
				GCC_PREPROCESSOR_DEFINITIONS = (
					"DEBUG=1",
					"$(inherited)",
				);
				GCC_WARN_64_TO_32_BIT_CONVERSION = YES;
				GCC_WARN_ABOUT_RETURN_TYPE = YES_ERROR;
				GCC_WARN_UNDECLARED_SELECTOR = YES;
				GCC_WARN_UNINITIALIZED_AUTOS = YES_AGGRESSIVE;
				GCC_WARN_UNUSED_FUNCTION = YES;
				GCC_WARN_UNUSED_VARIABLE = YES;
				IPHONEOS_DEPLOYMENT_TARGET = 12.0;
				MTL_ENABLE_DEBUG_INFO = INCLUDE_SOURCE;
				MTL_FAST_MATH = YES;
				ONLY_ACTIVE_ARCH = YES;
				SDKROOT = iphoneos;
				SWIFT_ACTIVE_COMPILATION_CONDITIONS = DEBUG;
				SWIFT_OPTIMIZATION_LEVEL = "-Onone";
			};
			name = Debug;
		};
		859FF4292123798500A4A012 /* Release */ = {
			isa = XCBuildConfiguration;
			buildSettings = {
				ALWAYS_SEARCH_USER_PATHS = NO;
				CLANG_ANALYZER_NONNULL = YES;
				CLANG_ANALYZER_NUMBER_OBJECT_CONVERSION = YES_AGGRESSIVE;
				CLANG_CXX_LANGUAGE_STANDARD = "gnu++14";
				CLANG_CXX_LIBRARY = "libc++";
				CLANG_ENABLE_MODULES = YES;
				CLANG_ENABLE_OBJC_ARC = YES;
				CLANG_ENABLE_OBJC_WEAK = YES;
				CLANG_WARN_BLOCK_CAPTURE_AUTORELEASING = YES;
				CLANG_WARN_BOOL_CONVERSION = YES;
				CLANG_WARN_COMMA = YES;
				CLANG_WARN_CONSTANT_CONVERSION = YES;
				CLANG_WARN_DEPRECATED_OBJC_IMPLEMENTATIONS = YES;
				CLANG_WARN_DIRECT_OBJC_ISA_USAGE = YES_ERROR;
				CLANG_WARN_DOCUMENTATION_COMMENTS = YES;
				CLANG_WARN_EMPTY_BODY = YES;
				CLANG_WARN_ENUM_CONVERSION = YES;
				CLANG_WARN_INFINITE_RECURSION = YES;
				CLANG_WARN_INT_CONVERSION = YES;
				CLANG_WARN_NON_LITERAL_NULL_CONVERSION = YES;
				CLANG_WARN_OBJC_IMPLICIT_RETAIN_SELF = YES;
				CLANG_WARN_OBJC_LITERAL_CONVERSION = YES;
				CLANG_WARN_OBJC_ROOT_CLASS = YES_ERROR;
				CLANG_WARN_RANGE_LOOP_ANALYSIS = YES;
				CLANG_WARN_STRICT_PROTOTYPES = YES;
				CLANG_WARN_SUSPICIOUS_MOVE = YES;
				CLANG_WARN_UNGUARDED_AVAILABILITY = YES_AGGRESSIVE;
				CLANG_WARN_UNREACHABLE_CODE = YES;
				CLANG_WARN__DUPLICATE_METHOD_MATCH = YES;
				CODE_SIGN_IDENTITY = "iPhone Developer";
				COPY_PHASE_STRIP = NO;
				DEBUG_INFORMATION_FORMAT = "dwarf-with-dsym";
				ENABLE_NS_ASSERTIONS = NO;
				ENABLE_STRICT_OBJC_MSGSEND = YES;
				GCC_C_LANGUAGE_STANDARD = gnu11;
				GCC_NO_COMMON_BLOCKS = YES;
				GCC_WARN_64_TO_32_BIT_CONVERSION = YES;
				GCC_WARN_ABOUT_RETURN_TYPE = YES_ERROR;
				GCC_WARN_UNDECLARED_SELECTOR = YES;
				GCC_WARN_UNINITIALIZED_AUTOS = YES_AGGRESSIVE;
				GCC_WARN_UNUSED_FUNCTION = YES;
				GCC_WARN_UNUSED_VARIABLE = YES;
				IPHONEOS_DEPLOYMENT_TARGET = 12.0;
				MTL_ENABLE_DEBUG_INFO = NO;
				MTL_FAST_MATH = YES;
				SDKROOT = iphoneos;
				SWIFT_COMPILATION_MODE = wholemodule;
				SWIFT_OPTIMIZATION_LEVEL = "-O";
				VALIDATE_PRODUCT = YES;
			};
			name = Release;
		};
		859FF42B2123798500A4A012 /* Debug */ = {
			isa = XCBuildConfiguration;
			buildSettings = {
				ASSETCATALOG_COMPILER_APPICON_NAME = AppIcon;
				CODE_SIGN_STYLE = Automatic;
				DEVELOPMENT_TEAM = JUD6PG98M2;
				INFOPLIST_FILE = "Kin Price Tracker/Info.plist";
				LD_RUNPATH_SEARCH_PATHS = (
					"$(inherited)",
					"@executable_path/Frameworks",
				);
				PRODUCT_BUNDLE_IDENTIFIER = "com.james4sythe.Kin-Price-Tracker";
				PRODUCT_NAME = "$(TARGET_NAME)";
				SWIFT_VERSION = 4.2;
				TARGETED_DEVICE_FAMILY = "1,2";
			};
			name = Debug;
		};
		859FF42C2123798500A4A012 /* Release */ = {
			isa = XCBuildConfiguration;
			buildSettings = {
				ASSETCATALOG_COMPILER_APPICON_NAME = AppIcon;
				CODE_SIGN_STYLE = Automatic;
				DEVELOPMENT_TEAM = JUD6PG98M2;
				INFOPLIST_FILE = "Kin Price Tracker/Info.plist";
				LD_RUNPATH_SEARCH_PATHS = (
					"$(inherited)",
					"@executable_path/Frameworks",
				);
				PRODUCT_BUNDLE_IDENTIFIER = "com.james4sythe.Kin-Price-Tracker";
				PRODUCT_NAME = "$(TARGET_NAME)";
				SWIFT_VERSION = 4.2;
				TARGETED_DEVICE_FAMILY = "1,2";
			};
			name = Release;
		};
/* End XCBuildConfiguration section */

/* Begin XCConfigurationList section */
		859FF4102123798000A4A012 /* Build configuration list for PBXProject "Kin Price Tracker" */ = {
			isa = XCConfigurationList;
			buildConfigurations = (
				859FF4282123798500A4A012 /* Debug */,
				859FF4292123798500A4A012 /* Release */,
			);
			defaultConfigurationIsVisible = 0;
			defaultConfigurationName = Release;
		};
		859FF42A2123798500A4A012 /* Build configuration list for PBXNativeTarget "Kin Price Tracker" */ = {
			isa = XCConfigurationList;
			buildConfigurations = (
				859FF42B2123798500A4A012 /* Debug */,
				859FF42C2123798500A4A012 /* Release */,
			);
			defaultConfigurationIsVisible = 0;
			defaultConfigurationName = Release;
		};
/* End XCConfigurationList section */

/* Begin XCVersionGroup section */
		859FF41F2123798100A4A012 /* Kin_Price_Tracker.xcdatamodeld */ = {
			isa = XCVersionGroup;
			children = (
				859FF4202123798100A4A012 /* Kin_Price_Tracker.xcdatamodel */,
			);
			currentVersion = 859FF4202123798100A4A012 /* Kin_Price_Tracker.xcdatamodel */;
			path = Kin_Price_Tracker.xcdatamodeld;
			sourceTree = "<group>";
			versionGroupType = wrapper.xcdatamodel;
		};
/* End XCVersionGroup section */
	};
	rootObject = 859FF40D2123798000A4A012 /* Project object */;
}
